
Microsoft Visual Studio Solution File, Format Version 12.00
# Visual Studio 15
VisualStudioVersion = 15.0.34031.82
MinimumVisualStudioVersion = 10.0.40219.1
Project("{8BC9CEB8-8B4A-11D0-8D11-00A0C91BC942}") = "ex3", "ex3\ex3.vcxproj", "{BB9BE0C0-4C97-484B-924B-6CA8F7763594}"
EndProject
Global
	GlobalSection(SolutionConfigurationPlatforms) = preSolution
		Debug|x64 = Debug|x64
		Debug|x86 = Debug|x86
		Release|x64 = Release|x64
		Release|x86 = Release|x86
	EndGlobalSection
	GlobalSection(ProjectConfigurationPlatforms) = postSolution
		{BB9BE0C0-4C97-484B-924B-6CA8F7763594}.Debug|x64.ActiveCfg = Debug|x64
		{BB9BE0C0-4C97-484B-924B-6CA8F7763594}.Debug|x64.Build.0 = Debug|x64
		{BB9BE0C0-4C97-484B-924B-6CA8F7763594}.Debug|x86.ActiveCfg = Debug|Win32
		{BB9BE0C0-4C97-484B-924B-6CA8F7763594}.Debug|x86.Build.0 = Debug|Win32
		{BB9BE0C0-4C97-484B-924B-6CA8F7763594}.Release|x64.ActiveCfg = Release|x64
		{BB9BE0C0-4C97-484B-924B-6CA8F7763594}.Release|x64.Build.0 = Release|x64
		{BB9BE0C0-4C97-484B-924B-6CA8F7763594}.Release|x86.ActiveCfg = Release|Win32
		{BB9BE0C0-4C97-484B-924B-6CA8F7763594}.Release|x86.Build.0 = Release|Win32
	EndGlobalSection
	GlobalSection(SolutionProperties) = preSolution
		HideSolutionNode = FALSE
	EndGlobalSection
	GlobalSection(ExtensibilityGlobals) = postSolution
		SolutionGuid = {8C8F08F6-74FB-4248-B061-77B1FC3581F1}
	EndGlobalSection
EndGlobal
